
Microsoft Visual Studio Solution File, Format Version 12.00
# Visual Studio Version 17
VisualStudioVersion = 17.6.33815.320
MinimumVisualStudioVersion = 10.0.40219.1
Project("{FAE04EC0-301F-11D3-BF4B-00C04F79EFBC}") = "PilasColas.Interfaz", "PilasColas.Interfaz\PilasColas.Interfaz.csproj", "{C533F001-F555-4F0C-8AE1-A70FAE0851B9}"
EndProject
Project("{FAE04EC0-301F-11D3-BF4B-00C04F79EFBC}") = "PilasColas.Logica", "PilasColas.Logica\PilasColas.Logica.csproj", "{90A2C583-E016-4F06-BFAD-061BB7FE4701}"
EndProject
Global
	GlobalSection(SolutionConfigurationPlatforms) = preSolution
		Debug|Any CPU = Debug|Any CPU
		Release|Any CPU = Release|Any CPU
	EndGlobalSection
	GlobalSection(ProjectConfigurationPlatforms) = postSolution
		{C533F001-F555-4F0C-8AE1-A70FAE0851B9}.Debug|Any CPU.ActiveCfg = Debug|Any CPU
		{C533F001-F555-4F0C-8AE1-A70FAE0851B9}.Debug|Any CPU.Build.0 = Debug|Any CPU
		{C533F001-F555-4F0C-8AE1-A70FAE0851B9}.Release|Any CPU.ActiveCfg = Release|Any CPU
		{C533F001-F555-4F0C-8AE1-A70FAE0851B9}.Release|Any CPU.Build.0 = Release|Any CPU
		{90A2C583-E016-4F06-BFAD-061BB7FE4701}.Debug|Any CPU.ActiveCfg = Debug|Any CPU
		{90A2C583-E016-4F06-BFAD-061BB7FE4701}.Debug|Any CPU.Build.0 = Debug|Any CPU
		{90A2C583-E016-4F06-BFAD-061BB7FE4701}.Release|Any CPU.ActiveCfg = Release|Any CPU
		{90A2C583-E016-4F06-BFAD-061BB7FE4701}.Release|Any CPU.Build.0 = Release|Any CPU
	EndGlobalSection
	GlobalSection(SolutionProperties) = preSolution
		HideSolutionNode = FALSE
	EndGlobalSection
	GlobalSection(ExtensibilityGlobals) = postSolution
		SolutionGuid = {BC532355-CF24-40D9-BC5B-9BC669969C03}
	EndGlobalSection
EndGlobal
